
Microsoft Visual Studio Solution File, Format Version 12.00
# Visual Studio Version 16
VisualStudioVersion = 16.0.29905.134
MinimumVisualStudioVersion = 10.0.40219.1
Project("{8BC9CEB8-8B4A-11D0-8D11-00A0C91BC942}") = "BJ2490", "BJ2490\BJ2490.vcxproj", "{42C66B5D-69E7-4394-92DE-804FF41852FA}"
EndProject
Global
	GlobalSection(SolutionConfigurationPlatforms) = preSolution
		Debug|x64 = Debug|x64
		Debug|x86 = Debug|x86
		Release|x64 = Release|x64
		Release|x86 = Release|x86
	EndGlobalSection
	GlobalSection(ProjectConfigurationPlatforms) = postSolution
		{42C66B5D-69E7-4394-92DE-804FF41852FA}.Debug|x64.ActiveCfg = Debug|x64
		{42C66B5D-69E7-4394-92DE-804FF41852FA}.Debug|x64.Build.0 = Debug|x64
		{42C66B5D-69E7-4394-92DE-804FF41852FA}.Debug|x86.ActiveCfg = Debug|Win32
		{42C66B5D-69E7-4394-92DE-804FF41852FA}.Debug|x86.Build.0 = Debug|Win32
		{42C66B5D-69E7-4394-92DE-804FF41852FA}.Release|x64.ActiveCfg = Release|x64
		{42C66B5D-69E7-4394-92DE-804FF41852FA}.Release|x64.Build.0 = Release|x64
		{42C66B5D-69E7-4394-92DE-804FF41852FA}.Release|x86.ActiveCfg = Release|Win32
		{42C66B5D-69E7-4394-92DE-804FF41852FA}.Release|x86.Build.0 = Release|Win32
	EndGlobalSection
	GlobalSection(SolutionProperties) = preSolution
		HideSolutionNode = FALSE
	EndGlobalSection
	GlobalSection(ExtensibilityGlobals) = postSolution
		SolutionGuid = {75001AC6-0A84-489F-9DC2-AD25F411BF58}
	EndGlobalSection
EndGlobal
