
Microsoft Visual Studio Solution File, Format Version 12.00
# Visual Studio Version 16
VisualStudioVersion = 16.0.29905.134
MinimumVisualStudioVersion = 10.0.40219.1
Project("{8BC9CEB8-8B4A-11D0-8D11-00A0C91BC942}") = "BJ5576", "BJ5576\BJ5576.vcxproj", "{28AB2CA0-3812-4D74-8008-FD9AF76D3736}"
EndProject
Global
	GlobalSection(SolutionConfigurationPlatforms) = preSolution
		Debug|x64 = Debug|x64
		Debug|x86 = Debug|x86
		Release|x64 = Release|x64
		Release|x86 = Release|x86
	EndGlobalSection
	GlobalSection(ProjectConfigurationPlatforms) = postSolution
		{28AB2CA0-3812-4D74-8008-FD9AF76D3736}.Debug|x64.ActiveCfg = Debug|x64
		{28AB2CA0-3812-4D74-8008-FD9AF76D3736}.Debug|x64.Build.0 = Debug|x64
		{28AB2CA0-3812-4D74-8008-FD9AF76D3736}.Debug|x86.ActiveCfg = Debug|Win32
		{28AB2CA0-3812-4D74-8008-FD9AF76D3736}.Debug|x86.Build.0 = Debug|Win32
		{28AB2CA0-3812-4D74-8008-FD9AF76D3736}.Release|x64.ActiveCfg = Release|x64
		{28AB2CA0-3812-4D74-8008-FD9AF76D3736}.Release|x64.Build.0 = Release|x64
		{28AB2CA0-3812-4D74-8008-FD9AF76D3736}.Release|x86.ActiveCfg = Release|Win32
		{28AB2CA0-3812-4D74-8008-FD9AF76D3736}.Release|x86.Build.0 = Release|Win32
	EndGlobalSection
	GlobalSection(SolutionProperties) = preSolution
		HideSolutionNode = FALSE
	EndGlobalSection
	GlobalSection(ExtensibilityGlobals) = postSolution
		SolutionGuid = {CCA6AF4C-A489-400F-9135-98A0AE397604}
	EndGlobalSection
EndGlobal
