
Microsoft Visual Studio Solution File, Format Version 12.00
# Visual Studio Version 16
VisualStudioVersion = 16.0.29905.134
MinimumVisualStudioVersion = 10.0.40219.1
Project("{8BC9CEB8-8B4A-11D0-8D11-00A0C91BC942}") = "BJ10870", "BJ10870\BJ10870.vcxproj", "{30169240-FCD2-4B98-B25B-4828536B005F}"
EndProject
Global
	GlobalSection(SolutionConfigurationPlatforms) = preSolution
		Debug|x64 = Debug|x64
		Debug|x86 = Debug|x86
		Release|x64 = Release|x64
		Release|x86 = Release|x86
	EndGlobalSection
	GlobalSection(ProjectConfigurationPlatforms) = postSolution
		{30169240-FCD2-4B98-B25B-4828536B005F}.Debug|x64.ActiveCfg = Debug|x64
		{30169240-FCD2-4B98-B25B-4828536B005F}.Debug|x64.Build.0 = Debug|x64
		{30169240-FCD2-4B98-B25B-4828536B005F}.Debug|x86.ActiveCfg = Debug|Win32
		{30169240-FCD2-4B98-B25B-4828536B005F}.Debug|x86.Build.0 = Debug|Win32
		{30169240-FCD2-4B98-B25B-4828536B005F}.Release|x64.ActiveCfg = Release|x64
		{30169240-FCD2-4B98-B25B-4828536B005F}.Release|x64.Build.0 = Release|x64
		{30169240-FCD2-4B98-B25B-4828536B005F}.Release|x86.ActiveCfg = Release|Win32
		{30169240-FCD2-4B98-B25B-4828536B005F}.Release|x86.Build.0 = Release|Win32
	EndGlobalSection
	GlobalSection(SolutionProperties) = preSolution
		HideSolutionNode = FALSE
	EndGlobalSection
	GlobalSection(ExtensibilityGlobals) = postSolution
		SolutionGuid = {D5BC6B55-C470-4600-915D-FFC964441336}
	EndGlobalSection
EndGlobal
