
Microsoft Visual Studio Solution File, Format Version 12.00
# Visual Studio Version 16
VisualStudioVersion = 16.0.29905.134
MinimumVisualStudioVersion = 10.0.40219.1
Project("{8BC9CEB8-8B4A-11D0-8D11-00A0C91BC942}") = "BJ2711", "BJ2711\BJ2711.vcxproj", "{C8CDA6C6-C534-40A3-B648-6AFCA1DCE6CB}"
EndProject
Global
	GlobalSection(SolutionConfigurationPlatforms) = preSolution
		Debug|x64 = Debug|x64
		Debug|x86 = Debug|x86
		Release|x64 = Release|x64
		Release|x86 = Release|x86
	EndGlobalSection
	GlobalSection(ProjectConfigurationPlatforms) = postSolution
		{C8CDA6C6-C534-40A3-B648-6AFCA1DCE6CB}.Debug|x64.ActiveCfg = Debug|x64
		{C8CDA6C6-C534-40A3-B648-6AFCA1DCE6CB}.Debug|x64.Build.0 = Debug|x64
		{C8CDA6C6-C534-40A3-B648-6AFCA1DCE6CB}.Debug|x86.ActiveCfg = Debug|Win32
		{C8CDA6C6-C534-40A3-B648-6AFCA1DCE6CB}.Debug|x86.Build.0 = Debug|Win32
		{C8CDA6C6-C534-40A3-B648-6AFCA1DCE6CB}.Release|x64.ActiveCfg = Release|x64
		{C8CDA6C6-C534-40A3-B648-6AFCA1DCE6CB}.Release|x64.Build.0 = Release|x64
		{C8CDA6C6-C534-40A3-B648-6AFCA1DCE6CB}.Release|x86.ActiveCfg = Release|Win32
		{C8CDA6C6-C534-40A3-B648-6AFCA1DCE6CB}.Release|x86.Build.0 = Release|Win32
	EndGlobalSection
	GlobalSection(SolutionProperties) = preSolution
		HideSolutionNode = FALSE
	EndGlobalSection
	GlobalSection(ExtensibilityGlobals) = postSolution
		SolutionGuid = {C60CDDA7-ADFB-4B51-BE60-483AC7EC56CF}
	EndGlobalSection
EndGlobal
