
Microsoft Visual Studio Solution File, Format Version 12.00
# Visual Studio Version 16
VisualStudioVersion = 16.0.29905.134
MinimumVisualStudioVersion = 10.0.40219.1
Project("{8BC9CEB8-8B4A-11D0-8D11-00A0C91BC942}") = "BJ2506", "BJ2506\BJ2506.vcxproj", "{6F5687BA-E3D2-4DBB-95C0-8C974C40D1D3}"
EndProject
Global
	GlobalSection(SolutionConfigurationPlatforms) = preSolution
		Debug|x64 = Debug|x64
		Debug|x86 = Debug|x86
		Release|x64 = Release|x64
		Release|x86 = Release|x86
	EndGlobalSection
	GlobalSection(ProjectConfigurationPlatforms) = postSolution
		{6F5687BA-E3D2-4DBB-95C0-8C974C40D1D3}.Debug|x64.ActiveCfg = Debug|x64
		{6F5687BA-E3D2-4DBB-95C0-8C974C40D1D3}.Debug|x64.Build.0 = Debug|x64
		{6F5687BA-E3D2-4DBB-95C0-8C974C40D1D3}.Debug|x86.ActiveCfg = Debug|Win32
		{6F5687BA-E3D2-4DBB-95C0-8C974C40D1D3}.Debug|x86.Build.0 = Debug|Win32
		{6F5687BA-E3D2-4DBB-95C0-8C974C40D1D3}.Release|x64.ActiveCfg = Release|x64
		{6F5687BA-E3D2-4DBB-95C0-8C974C40D1D3}.Release|x64.Build.0 = Release|x64
		{6F5687BA-E3D2-4DBB-95C0-8C974C40D1D3}.Release|x86.ActiveCfg = Release|Win32
		{6F5687BA-E3D2-4DBB-95C0-8C974C40D1D3}.Release|x86.Build.0 = Release|Win32
	EndGlobalSection
	GlobalSection(SolutionProperties) = preSolution
		HideSolutionNode = FALSE
	EndGlobalSection
	GlobalSection(ExtensibilityGlobals) = postSolution
		SolutionGuid = {C9DA6A6A-9415-49F4-9031-1E9412E804AE}
	EndGlobalSection
EndGlobal
