
Microsoft Visual Studio Solution File, Format Version 12.00
# Visual Studio Version 16
VisualStudioVersion = 16.0.29905.134
MinimumVisualStudioVersion = 10.0.40219.1
Project("{8BC9CEB8-8B4A-11D0-8D11-00A0C91BC942}") = "BJ11944", "BJ11944\BJ11944.vcxproj", "{117B7B7D-570F-45EF-9D5E-7B1CFE5ABE2C}"
EndProject
Global
	GlobalSection(SolutionConfigurationPlatforms) = preSolution
		Debug|x64 = Debug|x64
		Debug|x86 = Debug|x86
		Release|x64 = Release|x64
		Release|x86 = Release|x86
	EndGlobalSection
	GlobalSection(ProjectConfigurationPlatforms) = postSolution
		{117B7B7D-570F-45EF-9D5E-7B1CFE5ABE2C}.Debug|x64.ActiveCfg = Debug|x64
		{117B7B7D-570F-45EF-9D5E-7B1CFE5ABE2C}.Debug|x64.Build.0 = Debug|x64
		{117B7B7D-570F-45EF-9D5E-7B1CFE5ABE2C}.Debug|x86.ActiveCfg = Debug|Win32
		{117B7B7D-570F-45EF-9D5E-7B1CFE5ABE2C}.Debug|x86.Build.0 = Debug|Win32
		{117B7B7D-570F-45EF-9D5E-7B1CFE5ABE2C}.Release|x64.ActiveCfg = Release|x64
		{117B7B7D-570F-45EF-9D5E-7B1CFE5ABE2C}.Release|x64.Build.0 = Release|x64
		{117B7B7D-570F-45EF-9D5E-7B1CFE5ABE2C}.Release|x86.ActiveCfg = Release|Win32
		{117B7B7D-570F-45EF-9D5E-7B1CFE5ABE2C}.Release|x86.Build.0 = Release|Win32
	EndGlobalSection
	GlobalSection(SolutionProperties) = preSolution
		HideSolutionNode = FALSE
	EndGlobalSection
	GlobalSection(ExtensibilityGlobals) = postSolution
		SolutionGuid = {75EFDA90-D273-4AB7-A157-9296A121180F}
	EndGlobalSection
EndGlobal
