
Microsoft Visual Studio Solution File, Format Version 12.00
# Visual Studio Version 16
VisualStudioVersion = 16.0.29905.134
MinimumVisualStudioVersion = 10.0.40219.1
Project("{8BC9CEB8-8B4A-11D0-8D11-00A0C91BC942}") = "BJ5054", "BJ5054\BJ5054.vcxproj", "{AC7489BE-1C16-41D6-926A-39B47A0FD298}"
EndProject
Global
	GlobalSection(SolutionConfigurationPlatforms) = preSolution
		Debug|x64 = Debug|x64
		Debug|x86 = Debug|x86
		Release|x64 = Release|x64
		Release|x86 = Release|x86
	EndGlobalSection
	GlobalSection(ProjectConfigurationPlatforms) = postSolution
		{AC7489BE-1C16-41D6-926A-39B47A0FD298}.Debug|x64.ActiveCfg = Debug|x64
		{AC7489BE-1C16-41D6-926A-39B47A0FD298}.Debug|x64.Build.0 = Debug|x64
		{AC7489BE-1C16-41D6-926A-39B47A0FD298}.Debug|x86.ActiveCfg = Debug|Win32
		{AC7489BE-1C16-41D6-926A-39B47A0FD298}.Debug|x86.Build.0 = Debug|Win32
		{AC7489BE-1C16-41D6-926A-39B47A0FD298}.Release|x64.ActiveCfg = Release|x64
		{AC7489BE-1C16-41D6-926A-39B47A0FD298}.Release|x64.Build.0 = Release|x64
		{AC7489BE-1C16-41D6-926A-39B47A0FD298}.Release|x86.ActiveCfg = Release|Win32
		{AC7489BE-1C16-41D6-926A-39B47A0FD298}.Release|x86.Build.0 = Release|Win32
	EndGlobalSection
	GlobalSection(SolutionProperties) = preSolution
		HideSolutionNode = FALSE
	EndGlobalSection
	GlobalSection(ExtensibilityGlobals) = postSolution
		SolutionGuid = {B0B774C3-D796-45BD-97A9-41E7C2623A9E}
	EndGlobalSection
EndGlobal
